// !$*UTF8*$!
{
	archiveVersion = 1;
	classes = {
	};
	objectVersion = 46;
	objects = {

/* Begin PBXBuildFile section */
		07ACA7EF153B8AA900E9B4C5 /* UIKit.framework in Frameworks */ = {isa = PBXBuildFile; fileRef = 07ACA7EE153B8AA900E9B4C5 /* UIKit.framework */; };
		07ACA7F1153B8AA900E9B4C5 /* Foundation.framework in Frameworks */ = {isa = PBXBuildFile; fileRef = 07ACA7F0153B8AA900E9B4C5 /* Foundation.framework */; };
		07ACA7F3153B8AA900E9B4C5 /* CoreGraphics.framework in Frameworks */ = {isa = PBXBuildFile; fileRef = 07ACA7F2153B8AA900E9B4C5 /* CoreGraphics.framework */; };
		07ACA7F9153B8AA900E9B4C5 /* InfoPlist.strings in Resources */ = {isa = PBXBuildFile; fileRef = 07ACA7F7153B8AA900E9B4C5 /* InfoPlist.strings */; };
		07ACA7FB153B8AA900E9B4C5 /* main.m in Sources */ = {isa = PBXBuildFile; fileRef = 07ACA7FA153B8AA900E9B4C5 /* main.m */; };
		07ACA7FF153B8AA900E9B4C5 /* AppDelegate.m in Sources */ = {isa = PBXBuildFile; fileRef = 07ACA7FE153B8AA900E9B4C5 /* AppDelegate.m */; };
		07ACA802153B8AA900E9B4C5 /* MainStoryboard_iPhone.storyboard in Resources */ = {isa = PBXBuildFile; fileRef = 07ACA800153B8AA900E9B4C5 /* MainStoryboard_iPhone.storyboard */; };
		07ACA805153B8AA900E9B4C5 /* MainStoryboard_iPad.storyboard in Resources */ = {isa = PBXBuildFile; fileRef = 07ACA803153B8AA900E9B4C5 /* MainStoryboard_iPad.storyboard */; };
		07ACA808153B8AA900E9B4C5 /* MainViewController.m in Sources */ = {isa = PBXBuildFile; fileRef = 07ACA807153B8AA900E9B4C5 /* MainViewController.m */; };
		07ACA80B153B8AA900E9B4C5 /* FlipsideViewController.m in Sources */ = {isa = PBXBuildFile; fileRef = 07ACA80A153B8AA900E9B4C5 /* FlipsideViewController.m */; };
		07ACA813153B8AA900E9B4C5 /* SenTestingKit.framework in Frameworks */ = {isa = PBXBuildFile; fileRef = 07ACA812153B8AA900E9B4C5 /* SenTestingKit.framework */; };
		07ACA814153B8AA900E9B4C5 /* UIKit.framework in Frameworks */ = {isa = PBXBuildFile; fileRef = 07ACA7EE153B8AA900E9B4C5 /* UIKit.framework */; };
		07ACA815153B8AA900E9B4C5 /* Foundation.framework in Frameworks */ = {isa = PBXBuildFile; fileRef = 07ACA7F0153B8AA900E9B4C5 /* Foundation.framework */; };
		07ACA81D153B8AA900E9B4C5 /* InfoPlist.strings in Resources */ = {isa = PBXBuildFile; fileRef = 07ACA81B153B8AA900E9B4C5 /* InfoPlist.strings */; };
		07ACA820153B8AA900E9B4C5 /* KPCCToGoTests.m in Sources */ = {isa = PBXBuildFile; fileRef = 07ACA81F153B8AA900E9B4C5 /* KPCCToGoTests.m */; };
/* End PBXBuildFile section */

/* Begin PBXContainerItemProxy section */
		07ACA816153B8AA900E9B4C5 /* PBXContainerItemProxy */ = {
			isa = PBXContainerItemProxy;
			containerPortal = 07ACA7E1153B8AA800E9B4C5 /* Project object */;
			proxyType = 1;
			remoteGlobalIDString = 07ACA7E9153B8AA900E9B4C5;
			remoteInfo = KPCCToGo;
		};
/* End PBXContainerItemProxy section */

/* Begin PBXFileReference section */
		07ACA7EA153B8AA900E9B4C5 /* KPCCToGo.app */ = {isa = PBXFileReference; explicitFileType = wrapper.application; includeInIndex = 0; path = KPCCToGo.app; sourceTree = BUILT_PRODUCTS_DIR; };
		07ACA7EE153B8AA900E9B4C5 /* UIKit.framework */ = {isa = PBXFileReference; lastKnownFileType = wrapper.framework; name = UIKit.framework; path = System/Library/Frameworks/UIKit.framework; sourceTree = SDKROOT; };
		07ACA7F0153B8AA900E9B4C5 /* Foundation.framework */ = {isa = PBXFileReference; lastKnownFileType = wrapper.framework; name = Foundation.framework; path = System/Library/Frameworks/Foundation.framework; sourceTree = SDKROOT; };
		07ACA7F2153B8AA900E9B4C5 /* CoreGraphics.framework */ = {isa = PBXFileReference; lastKnownFileType = wrapper.framework; name = CoreGraphics.framework; path = System/Library/Frameworks/CoreGraphics.framework; sourceTree = SDKROOT; };
		07ACA7F6153B8AA900E9B4C5 /* KPCCToGo-Info.plist */ = {isa = PBXFileReference; path = "KPCCToGo-Info.plist"; sourceTree = "<group>"; };
		07ACA7F8153B8AA900E9B4C5 /* en */ = {isa = PBXFileReference; lastKnownFileType = text.plist.strings; name = en; path = en.lproj/InfoPlist.strings; sourceTree = "<group>"; };
		07ACA7FA153B8AA900E9B4C5 /* main.m */ = {isa = PBXFileReference; lastKnownFileType = sourcecode.c.objc; path = main.m; sourceTree = "<group>"; };
		07ACA7FC153B8AA900E9B4C5 /* KPCCToGo-Prefix.pch */ = {isa = PBXFileReference; path = "KPCCToGo-Prefix.pch"; sourceTree = "<group>"; };
		07ACA7FD153B8AA900E9B4C5 /* AppDelegate.h */ = {isa = PBXFileReference; path = AppDelegate.h; sourceTree = "<group>"; };
		07ACA7FE153B8AA900E9B4C5 /* AppDelegate.m */ = {isa = PBXFileReference; lastKnownFileType = sourcecode.c.objc; path = AppDelegate.m; sourceTree = "<group>"; };
		07ACA801153B8AA900E9B4C5 /* en */ = {isa = PBXFileReference; lastKnownFileType = file.storyboard; name = en; path = en.lproj/MainStoryboard_iPhone.storyboard; sourceTree = "<group>"; };
		07ACA804153B8AA900E9B4C5 /* en */ = {isa = PBXFileReference; lastKnownFileType = file.storyboard; name = en; path = en.lproj/MainStoryboard_iPad.storyboard; sourceTree = "<group>"; };
		07ACA806153B8AA900E9B4C5 /* MainViewController.h */ = {isa = PBXFileReference; path = MainViewController.h; sourceTree = "<group>"; };
		07ACA807153B8AA900E9B4C5 /* MainViewController.m */ = {isa = PBXFileReference; lastKnownFileType = sourcecode.c.objc; path = MainViewController.m; sourceTree = "<group>"; };
		07ACA809153B8AA900E9B4C5 /* FlipsideViewController.h */ = {isa = PBXFileReference; path = FlipsideViewController.h; sourceTree = "<group>"; };
		07ACA80A153B8AA900E9B4C5 /* FlipsideViewController.m */ = {isa = PBXFileReference; lastKnownFileType = sourcecode.c.objc; path = FlipsideViewController.m; sourceTree = "<group>"; };
		07ACA811153B8AA900E9B4C5 /* KPCCToGoTests.octest */ = {isa = PBXFileReference; explicitFileType = wrapper.cfbundle; includeInIndex = 0; path = KPCCToGoTests.octest; sourceTree = BUILT_PRODUCTS_DIR; };
		07ACA812153B8AA900E9B4C5 /* SenTestingKit.framework */ = {isa = PBXFileReference; lastKnownFileType = wrapper.framework; name = SenTestingKit.framework; path = Library/Frameworks/SenTestingKit.framework; sourceTree = DEVELOPER_DIR; };
		07ACA81A153B8AA900E9B4C5 /* KPCCToGoTests-Info.plist */ = {isa = PBXFileReference; path = "KPCCToGoTests-Info.plist"; sourceTree = "<group>"; };
		07ACA81C153B8AA900E9B4C5 /* en */ = {isa = PBXFileReference; lastKnownFileType = text.plist.strings; name = en; path = en.lproj/InfoPlist.strings; sourceTree = "<group>"; };
		07ACA81E153B8AA900E9B4C5 /* KPCCToGoTests.h */ = {isa = PBXFileReference; path = KPCCToGoTests.h; sourceTree = "<group>"; };
		07ACA81F153B8AA900E9B4C5 /* KPCCToGoTests.m */ = {isa = PBXFileReference; lastKnownFileType = sourcecode.c.objc; path = KPCCToGoTests.m; sourceTree = "<group>"; };
/* End PBXFileReference section */

/* Begin PBXFrameworksBuildPhase section */
		07ACA7E7153B8AA900E9B4C5 /* Frameworks */ = {
			isa = PBXFrameworksBuildPhase;
			buildActionMask = 2147483647;
			files = (
				07ACA7EF153B8AA900E9B4C5 /* UIKit.framework in Frameworks */,
				07ACA7F1153B8AA900E9B4C5 /* Foundation.framework in Frameworks */,
				07ACA7F3153B8AA900E9B4C5 /* CoreGraphics.framework in Frameworks */,
			);
			runOnlyForDeploymentPostprocessing = 0;
		};
		07ACA80D153B8AA900E9B4C5 /* Frameworks */ = {
			isa = PBXFrameworksBuildPhase;
			buildActionMask = 2147483647;
			files = (
				07ACA813153B8AA900E9B4C5 /* SenTestingKit.framework in Frameworks */,
				07ACA814153B8AA900E9B4C5 /* UIKit.framework in Frameworks */,
				07ACA815153B8AA900E9B4C5 /* Foundation.framework in Frameworks */,
			);
			runOnlyForDeploymentPostprocessing = 0;
		};
/* End PBXFrameworksBuildPhase section */

/* Begin PBXGroup section */
		07ACA7DF153B8AA800E9B4C5 = {
			isa = PBXGroup;
			children = (
				07ACA7F4153B8AA900E9B4C5 /* KPCCToGo */,
				07ACA818153B8AA900E9B4C5 /* KPCCToGoTests */,
				07ACA7ED153B8AA900E9B4C5 /* Frameworks */,
				07ACA7EB153B8AA900E9B4C5 /* Products */,
			);
			sourceTree = "<group>";
		};
		07ACA7EB153B8AA900E9B4C5 /* Products */ = {
			isa = PBXGroup;
			children = (
				07ACA7EA153B8AA900E9B4C5 /* KPCCToGo.app */,
				07ACA811153B8AA900E9B4C5 /* KPCCToGoTests.octest */,
			);
			name = Products;
			sourceTree = "<group>";
		};
		07ACA7ED153B8AA900E9B4C5 /* Frameworks */ = {
			isa = PBXGroup;
			children = (
				07ACA7EE153B8AA900E9B4C5 /* UIKit.framework */,
				07ACA7F0153B8AA900E9B4C5 /* Foundation.framework */,
				07ACA7F2153B8AA900E9B4C5 /* CoreGraphics.framework */,
				07ACA812153B8AA900E9B4C5 /* SenTestingKit.framework */,
			);
			name = Frameworks;
			sourceTree = "<group>";
		};
		07ACA7F4153B8AA900E9B4C5 /* KPCCToGo */ = {
			isa = PBXGroup;
			children = (
				07ACA7FD153B8AA900E9B4C5 /* AppDelegate.h */,
				07ACA7FE153B8AA900E9B4C5 /* AppDelegate.m */,
				07ACA800153B8AA900E9B4C5 /* MainStoryboard_iPhone.storyboard */,
				07ACA803153B8AA900E9B4C5 /* MainStoryboard_iPad.storyboard */,
				07ACA806153B8AA900E9B4C5 /* MainViewController.h */,
				07ACA807153B8AA900E9B4C5 /* MainViewController.m */,
				07ACA809153B8AA900E9B4C5 /* FlipsideViewController.h */,
				07ACA80A153B8AA900E9B4C5 /* FlipsideViewController.m */,
				07ACA7F5153B8AA900E9B4C5 /* Supporting Files */,
			);
			path = KPCCToGo;
			sourceTree = "<group>";
		};
		07ACA7F5153B8AA900E9B4C5 /* Supporting Files */ = {
			isa = PBXGroup;
			children = (
				07ACA7F6153B8AA900E9B4C5 /* KPCCToGo-Info.plist */,
				07ACA7F7153B8AA900E9B4C5 /* InfoPlist.strings */,
				07ACA7FA153B8AA900E9B4C5 /* main.m */,
				07ACA7FC153B8AA900E9B4C5 /* KPCCToGo-Prefix.pch */,
			);
			name = "Supporting Files";
			sourceTree = "<group>";
		};
		07ACA818153B8AA900E9B4C5 /* KPCCToGoTests */ = {
			isa = PBXGroup;
			children = (
				07ACA81E153B8AA900E9B4C5 /* KPCCToGoTests.h */,
				07ACA81F153B8AA900E9B4C5 /* KPCCToGoTests.m */,
				07ACA819153B8AA900E9B4C5 /* Supporting Files */,
			);
			path = KPCCToGoTests;
			sourceTree = "<group>";
		};
		07ACA819153B8AA900E9B4C5 /* Supporting Files */ = {
			isa = PBXGroup;
			children = (
				07ACA81A153B8AA900E9B4C5 /* KPCCToGoTests-Info.plist */,
				07ACA81B153B8AA900E9B4C5 /* InfoPlist.strings */,
			);
			name = "Supporting Files";
			sourceTree = "<group>";
		};
/* End PBXGroup section */

/* Begin PBXNativeTarget section */
		07ACA7E9153B8AA900E9B4C5 /* KPCCToGo */ = {
			isa = PBXNativeTarget;
			buildConfigurationList = 07ACA823153B8AA900E9B4C5 /* Build configuration list for PBXNativeTarget "KPCCToGo" */;
			buildPhases = (
				07ACA7E6153B8AA900E9B4C5 /* Sources */,
				07ACA7E7153B8AA900E9B4C5 /* Frameworks */,
				07ACA7E8153B8AA900E9B4C5 /* Resources */,
			);
			buildRules = (
			);
			dependencies = (
			);
			name = KPCCToGo;
			productName = KPCCToGo;
			productReference = 07ACA7EA153B8AA900E9B4C5 /* KPCCToGo.app */;
			productType = "com.apple.product-type.application";
		};
		07ACA810153B8AA900E9B4C5 /* KPCCToGoTests */ = {
			isa = PBXNativeTarget;
			buildConfigurationList = 07ACA826153B8AA900E9B4C5 /* Build configuration list for PBXNativeTarget "KPCCToGoTests" */;
			buildPhases = (
				07ACA80C153B8AA900E9B4C5 /* Sources */,
				07ACA80D153B8AA900E9B4C5 /* Frameworks */,
				07ACA80E153B8AA900E9B4C5 /* Resources */,
				07ACA80F153B8AA900E9B4C5 /* ShellScript */,
			);
			buildRules = (
			);
			dependencies = (
				07ACA817153B8AA900E9B4C5 /* PBXTargetDependency */,
			);
			name = KPCCToGoTests;
			productName = KPCCToGoTests;
			productReference = 07ACA811153B8AA900E9B4C5 /* KPCCToGoTests.octest */;
			productType = "com.apple.product-type.bundle";
		};
/* End PBXNativeTarget section */

/* Begin PBXProject section */
		07ACA7E1153B8AA800E9B4C5 /* Project object */ = {
			isa = PBXProject;
			attributes = {
				LastUpgradeCheck = 0420;
				ORGANIZATIONNAME = KPCC;
			};
			buildConfigurationList = 07ACA7E4153B8AA800E9B4C5 /* Build configuration list for PBXProject "KPCCToGo" */;
			compatibilityVersion = "Xcode 3.2";
			developmentRegion = English;
			hasScannedForEncodings = 0;
			knownRegions = (
				en,
			);
			mainGroup = 07ACA7DF153B8AA800E9B4C5;
			productRefGroup = 07ACA7EB153B8AA900E9B4C5 /* Products */;
			projectDirPath = "";
			projectRoot = "";
			targets = (
				07ACA7E9153B8AA900E9B4C5 /* KPCCToGo */,
				07ACA810153B8AA900E9B4C5 /* KPCCToGoTests */,
			);
		};
/* End PBXProject section */

/* Begin PBXResourcesBuildPhase section */
		07ACA7E8153B8AA900E9B4C5 /* Resources */ = {
			isa = PBXResourcesBuildPhase;
			buildActionMask = 2147483647;
			files = (
				07ACA7F9153B8AA900E9B4C5 /* InfoPlist.strings in Resources */,
				07ACA802153B8AA900E9B4C5 /* MainStoryboard_iPhone.storyboard in Resources */,
				07ACA805153B8AA900E9B4C5 /* MainStoryboard_iPad.storyboard in Resources */,
			);
			runOnlyForDeploymentPostprocessing = 0;
		};
		07ACA80E153B8AA900E9B4C5 /* Resources */ = {
			isa = PBXResourcesBuildPhase;
			buildActionMask = 2147483647;
			files = (
				07ACA81D153B8AA900E9B4C5 /* InfoPlist.strings in Resources */,
			);
			runOnlyForDeploymentPostprocessing = 0;
		};
/* End PBXResourcesBuildPhase section */

/* Begin PBXShellScriptBuildPhase section */
		07ACA80F153B8AA900E9B4C5 /* ShellScript */ = {
			isa = PBXShellScriptBuildPhase;
			buildActionMask = 2147483647;
			files = (
			);
			inputPaths = (
			);
			outputPaths = (
			);
			runOnlyForDeploymentPostprocessing = 0;
			shellPath = /bin/sh;
			shellScript = "# Run the unit tests in this test bundle.\n\"${SYSTEM_DEVELOPER_DIR}/Tools/RunUnitTests\"\n";
		};
/* End PBXShellScriptBuildPhase section */

/* Begin PBXSourcesBuildPhase section */
		07ACA7E6153B8AA900E9B4C5 /* Sources */ = {
			isa = PBXSourcesBuildPhase;
			buildActionMask = 2147483647;
			files = (
				07ACA7FB153B8AA900E9B4C5 /* main.m in Sources */,
				07ACA7FF153B8AA900E9B4C5 /* AppDelegate.m in Sources */,
				07ACA808153B8AA900E9B4C5 /* MainViewController.m in Sources */,
				07ACA80B153B8AA900E9B4C5 /* FlipsideViewController.m in Sources */,
			);
			runOnlyForDeploymentPostprocessing = 0;
		};
		07ACA80C153B8AA900E9B4C5 /* Sources */ = {
			isa = PBXSourcesBuildPhase;
			buildActionMask = 2147483647;
			files = (
				07ACA820153B8AA900E9B4C5 /* KPCCToGoTests.m in Sources */,
			);
			runOnlyForDeploymentPostprocessing = 0;
		};
/* End PBXSourcesBuildPhase section */

/* Begin PBXTargetDependency section */
		07ACA817153B8AA900E9B4C5 /* PBXTargetDependency */ = {
			isa = PBXTargetDependency;
			target = 07ACA7E9153B8AA900E9B4C5 /* KPCCToGo */;
			targetProxy = 07ACA816153B8AA900E9B4C5 /* PBXContainerItemProxy */;
		};
/* End PBXTargetDependency section */

/* Begin PBXVariantGroup section */
		07ACA7F7153B8AA900E9B4C5 /* InfoPlist.strings */ = {
			isa = PBXVariantGroup;
			children = (
				07ACA7F8153B8AA900E9B4C5 /* en */,
			);
			name = InfoPlist.strings;
			sourceTree = "<group>";
		};
		07ACA800153B8AA900E9B4C5 /* MainStoryboard_iPhone.storyboard */ = {
			isa = PBXVariantGroup;
			children = (
				07ACA801153B8AA900E9B4C5 /* en */,
			);
			name = MainStoryboard_iPhone.storyboard;
			sourceTree = "<group>";
		};
		07ACA803153B8AA900E9B4C5 /* MainStoryboard_iPad.storyboard */ = {
			isa = PBXVariantGroup;
			children = (
				07ACA804153B8AA900E9B4C5 /* en */,
			);
			name = MainStoryboard_iPad.storyboard;
			sourceTree = "<group>";
		};
		07ACA81B153B8AA900E9B4C5 /* InfoPlist.strings */ = {
			isa = PBXVariantGroup;
			children = (
				07ACA81C153B8AA900E9B4C5 /* en */,
			);
			name = InfoPlist.strings;
			sourceTree = "<group>";
		};
/* End PBXVariantGroup section */

/* Begin XCBuildConfiguration section */
		07ACA821153B8AA900E9B4C5 /* Debug */ = {
			isa = XCBuildConfiguration;
			buildSettings = {
				ALWAYS_SEARCH_USER_PATHS = NO;
				ARCHS = "$(ARCHS_STANDARD_32_BIT)";
				"CODE_SIGN_IDENTITY[sdk=iphoneos*]" = "iPhone Developer";
				COPY_PHASE_STRIP = NO;
				GCC_C_LANGUAGE_STANDARD = gnu99;
				GCC_DYNAMIC_NO_PIC = NO;
				GCC_OPTIMIZATION_LEVEL = 0;
				GCC_PREPROCESSOR_DEFINITIONS = (
					"DEBUG=1",
					"$(inherited)",
				);
				GCC_SYMBOLS_PRIVATE_EXTERN = NO;
				GCC_VERSION = com.apple.compilers.llvm.clang.1_0;
				GCC_WARN_ABOUT_MISSING_PROTOTYPES = YES;
				GCC_WARN_ABOUT_RETURN_TYPE = YES;
				GCC_WARN_UNUSED_VARIABLE = YES;
				IPHONEOS_DEPLOYMENT_TARGET = 5.0;
				SDKROOT = iphoneos;
				TARGETED_DEVICE_FAMILY = "1,2";
			};
			name = Debug;
		};
		07ACA822153B8AA900E9B4C5 /* Release */ = {
			isa = XCBuildConfiguration;
			buildSettings = {
				ALWAYS_SEARCH_USER_PATHS = NO;
				ARCHS = "$(ARCHS_STANDARD_32_BIT)";
				"CODE_SIGN_IDENTITY[sdk=iphoneos*]" = "iPhone Developer";
				COPY_PHASE_STRIP = YES;
				GCC_C_LANGUAGE_STANDARD = gnu99;
				GCC_VERSION = com.apple.compilers.llvm.clang.1_0;
				GCC_WARN_ABOUT_MISSING_PROTOTYPES = YES;
				GCC_WARN_ABOUT_RETURN_TYPE = YES;
				GCC_WARN_UNUSED_VARIABLE = YES;
				IPHONEOS_DEPLOYMENT_TARGET = 5.0;
				OTHER_CFLAGS = "-DNS_BLOCK_ASSERTIONS=1";
				SDKROOT = iphoneos;
				TARGETED_DEVICE_FAMILY = "1,2";
				VALIDATE_PRODUCT = YES;
			};
			name = Release;
		};
		07ACA824153B8AA900E9B4C5 /* Debug */ = {
			isa = XCBuildConfiguration;
			buildSettings = {
				GCC_PRECOMPILE_PREFIX_HEADER = YES;
				GCC_PREFIX_HEADER = "KPCCToGo/KPCCToGo-Prefix.pch";
				INFOPLIST_FILE = "KPCCToGo/KPCCToGo-Info.plist";
				PRODUCT_NAME = "$(TARGET_NAME)";
				WRAPPER_EXTENSION = app;
			};
			name = Debug;
		};
		07ACA825153B8AA900E9B4C5 /* Release */ = {
			isa = XCBuildConfiguration;
			buildSettings = {
				GCC_PRECOMPILE_PREFIX_HEADER = YES;
				GCC_PREFIX_HEADER = "KPCCToGo/KPCCToGo-Prefix.pch";
				INFOPLIST_FILE = "KPCCToGo/KPCCToGo-Info.plist";
				PRODUCT_NAME = "$(TARGET_NAME)";
				WRAPPER_EXTENSION = app;
			};
			name = Release;
		};
		07ACA827153B8AA900E9B4C5 /* Debug */ = {
			isa = XCBuildConfiguration;
			buildSettings = {
				BUNDLE_LOADER = "$(BUILT_PRODUCTS_DIR)/KPCCToGo.app/KPCCToGo";
				FRAMEWORK_SEARCH_PATHS = (
					"$(SDKROOT)/Developer/Library/Frameworks",
					"$(DEVELOPER_LIBRARY_DIR)/Frameworks",
				);
				GCC_PRECOMPILE_PREFIX_HEADER = YES;
				GCC_PREFIX_HEADER = "KPCCToGo/KPCCToGo-Prefix.pch";
				INFOPLIST_FILE = "KPCCToGoTests/KPCCToGoTests-Info.plist";
				PRODUCT_NAME = "$(TARGET_NAME)";
				TEST_HOST = "$(BUNDLE_LOADER)";
				WRAPPER_EXTENSION = octest;
			};
			name = Debug;
		};
		07ACA828153B8AA900E9B4C5 /* Release */ = {
			isa = XCBuildConfiguration;
			buildSettings = {
				BUNDLE_LOADER = "$(BUILT_PRODUCTS_DIR)/KPCCToGo.app/KPCCToGo";
				FRAMEWORK_SEARCH_PATHS = (
					"$(SDKROOT)/Developer/Library/Frameworks",
					"$(DEVELOPER_LIBRARY_DIR)/Frameworks",
				);
				GCC_PRECOMPILE_PREFIX_HEADER = YES;
				GCC_PREFIX_HEADER = "KPCCToGo/KPCCToGo-Prefix.pch";
				INFOPLIST_FILE = "KPCCToGoTests/KPCCToGoTests-Info.plist";
				PRODUCT_NAME = "$(TARGET_NAME)";
				TEST_HOST = "$(BUNDLE_LOADER)";
				WRAPPER_EXTENSION = octest;
			};
			name = Release;
		};
/* End XCBuildConfiguration section */

/* Begin XCConfigurationList section */
		07ACA7E4153B8AA800E9B4C5 /* Build configuration list for PBXProject "KPCCToGo" */ = {
			isa = XCConfigurationList;
			buildConfigurations = (
				07ACA821153B8AA900E9B4C5 /* Debug */,
				07ACA822153B8AA900E9B4C5 /* Release */,
			);
			defaultConfigurationIsVisible = 0;
			defaultConfigurationName = Release;
		};
		07ACA823153B8AA900E9B4C5 /* Build configuration list for PBXNativeTarget "KPCCToGo" */ = {
			isa = XCConfigurationList;
			buildConfigurations = (
				07ACA824153B8AA900E9B4C5 /* Debug */,
				07ACA825153B8AA900E9B4C5 /* Release */,
			);
			defaultConfigurationIsVisible = 0;
		};
		07ACA826153B8AA900E9B4C5 /* Build configuration list for PBXNativeTarget "KPCCToGoTests" */ = {
			isa = XCConfigurationList;
			buildConfigurations = (
				07ACA827153B8AA900E9B4C5 /* Debug */,
				07ACA828153B8AA900E9B4C5 /* Release */,
			);
			defaultConfigurationIsVisible = 0;
		};
/* End XCConfigurationList section */
	};
	rootObject = 07ACA7E1153B8AA800E9B4C5 /* Project object */;
}
